
Microsoft Visual Studio Solution File, Format Version 12.00
# Visual Studio Version 16
VisualStudioVersion = 16.0.33328.57
MinimumVisualStudioVersion = 10.0.40219.1
Project("{FAE04EC0-301F-11D3-BF4B-00C04F79EFBC}") = "book_store", "book_store\book_store.csproj", "{410B60F0-7B81-4ACD-AC3A-271E8B0F9F2C}"
EndProject
Global
	GlobalSection(SolutionConfigurationPlatforms) = preSolution
		Debug|Any CPU = Debug|Any CPU
		Release|Any CPU = Release|Any CPU
	EndGlobalSection
	GlobalSection(ProjectConfigurationPlatforms) = postSolution
		{410B60F0-7B81-4ACD-AC3A-271E8B0F9F2C}.Debug|Any CPU.ActiveCfg = Debug|Any CPU
		{410B60F0-7B81-4ACD-AC3A-271E8B0F9F2C}.Debug|Any CPU.Build.0 = Debug|Any CPU
		{410B60F0-7B81-4ACD-AC3A-271E8B0F9F2C}.Release|Any CPU.ActiveCfg = Release|Any CPU
		{410B60F0-7B81-4ACD-AC3A-271E8B0F9F2C}.Release|Any CPU.Build.0 = Release|Any CPU
	EndGlobalSection
	GlobalSection(SolutionProperties) = preSolution
		HideSolutionNode = FALSE
	EndGlobalSection
	GlobalSection(ExtensibilityGlobals) = postSolution
		SolutionGuid = {21513002-D5BF-4126-A59C-BB2429F301E4}
	EndGlobalSection
EndGlobal
